// !$*UTF8*$!
{
	archiveVersion = 1;
	classes = {
	};
	objectVersion = 46;
	objects = {

/* Begin PBXBuildFile section */
		7A076FBF1C3A1C5500D10A90 /* main.m in Sources */ = {isa = PBXBuildFile; fileRef = 7A076FBE1C3A1C5500D10A90 /* main.m */; };
		7A076FC21C3A1C5500D10A90 /* AppDelegate.m in Sources */ = {isa = PBXBuildFile; fileRef = 7A076FC11C3A1C5500D10A90 /* AppDelegate.m */; };
		7A076FC41C3A1C5500D10A90 /* Assets.xcassets in Resources */ = {isa = PBXBuildFile; fileRef = 7A076FC31C3A1C5500D10A90 /* Assets.xcassets */; };
		7A076FC71C3A1C5500D10A90 /* LaunchScreen.storyboard in Resources */ = {isa = PBXBuildFile; fileRef = 7A076FC51C3A1C5500D10A90 /* LaunchScreen.storyboard */; };
		7A8C12C41C3B9DBE0038ED93 /* File in Resources */ = {isa = PBXBuildFile; fileRef = 7A8C12C31C3B9DBE0038ED93 /* File */; };
		7A8C12C71C3BA08A0038ED93 /* MainModel.m in Sources */ = {isa = PBXBuildFile; fileRef = 7A8C12C61C3BA08A0038ED93 /* MainModel.m */; };
		7A9683581C3A4E3E00C191D8 /* DiscoverViewController.m in Sources */ = {isa = PBXBuildFile; fileRef = 7A9683491C3A4E3E00C191D8 /* DiscoverViewController.m */; };
		7A9683591C3A4E3E00C191D8 /* MainViewController.m in Sources */ = {isa = PBXBuildFile; fileRef = 7A96834F1C3A4E3E00C191D8 /* MainViewController.m */; };
		7A96835A1C3A4E3E00C191D8 /* MineViewController.m in Sources */ = {isa = PBXBuildFile; fileRef = 7A9683551C3A4E3E00C191D8 /* MineViewController.m */; };
		7A96835D1C3A507200C191D8 /* Main.storyboard in Resources */ = {isa = PBXBuildFile; fileRef = 7A96835C1C3A507200C191D8 /* Main.storyboard */; };
		7A96835F1C3A508F00C191D8 /* Discover.storyboard in Resources */ = {isa = PBXBuildFile; fileRef = 7A96835E1C3A508F00C191D8 /* Discover.storyboard */; };
		7A9683611C3A50C400C191D8 /* Mine.storyboard in Resources */ = {isa = PBXBuildFile; fileRef = 7A9683601C3A50C400C191D8 /* Mine.storyboard */; };
		7A9683DE1C3A766D00C191D8 /* MainTableViewCell.m in Sources */ = {isa = PBXBuildFile; fileRef = 7A9683DC1C3A766D00C191D8 /* MainTableViewCell.m */; };
		7A9683DF1C3A766D00C191D8 /* MainTableViewCell.xib in Resources */ = {isa = PBXBuildFile; fileRef = 7A9683DD1C3A766D00C191D8 /* MainTableViewCell.xib */; };
		F07347EDF382422A7EE6D050 /* libPods.a in Frameworks */ = {isa = PBXBuildFile; fileRef = 64D73AE67FE81CCA38FE3929 /* libPods.a */; };
/* End PBXBuildFile section */

/* Begin PBXFileReference section */
		169889AB9704D95A58A4BE07 /* Pods.release.xcconfig */ = {isa = PBXFileReference; includeInIndex = 1; lastKnownFileType = text.xcconfig; name = Pods.release.xcconfig; path = "Pods/Target Support Files/Pods/Pods.release.xcconfig"; sourceTree = "<group>"; };
		64D73AE67FE81CCA38FE3929 /* libPods.a */ = {isa = PBXFileReference; explicitFileType = archive.ar; includeInIndex = 0; path = libPods.a; sourceTree = BUILT_PRODUCTS_DIR; };
		7A076FBA1C3A1C5500D10A90 /* ContactWeekend.app */ = {isa = PBXFileReference; explicitFileType = wrapper.application; includeInIndex = 0; path = ContactWeekend.app; sourceTree = BUILT_PRODUCTS_DIR; };
		7A076FBE1C3A1C5500D10A90 /* main.m */ = {isa = PBXFileReference; lastKnownFileType = sourcecode.c.objc; path = main.m; sourceTree = "<group>"; };
		7A076FC01C3A1C5500D10A90 /* AppDelegate.h */ = {isa = PBXFileReference; lastKnownFileType = sourcecode.c.h; path = AppDelegate.h; sourceTree = "<group>"; };
		7A076FC11C3A1C5500D10A90 /* AppDelegate.m */ = {isa = PBXFileReference; lastKnownFileType = sourcecode.c.objc; path = AppDelegate.m; sourceTree = "<group>"; };
		7A076FC31C3A1C5500D10A90 /* Assets.xcassets */ = {isa = PBXFileReference; lastKnownFileType = folder.assetcatalog; path = Assets.xcassets; sourceTree = "<group>"; };
		7A076FC61C3A1C5500D10A90 /* Base */ = {isa = PBXFileReference; lastKnownFileType = file.storyboard; name = Base; path = Base.lproj/LaunchScreen.storyboard; sourceTree = "<group>"; };
		7A076FC81C3A1C5500D10A90 /* Info.plist */ = {isa = PBXFileReference; lastKnownFileType = text.plist.xml; path = Info.plist; sourceTree = "<group>"; };
		7A8C12C31C3B9DBE0038ED93 /* File */ = {isa = PBXFileReference; fileEncoding = 4; lastKnownFileType = text; name = File; path = ../Controller/File; sourceTree = "<group>"; };
		7A8C12C51C3BA08A0038ED93 /* MainModel.h */ = {isa = PBXFileReference; fileEncoding = 4; lastKnownFileType = sourcecode.c.h; name = MainModel.h; path = ../Controller/MainModel.h; sourceTree = "<group>"; };
		7A8C12C61C3BA08A0038ED93 /* MainModel.m */ = {isa = PBXFileReference; fileEncoding = 4; lastKnownFileType = sourcecode.c.objc; name = MainModel.m; path = ../Controller/MainModel.m; sourceTree = "<group>"; };
		7A9683481C3A4E3E00C191D8 /* DiscoverViewController.h */ = {isa = PBXFileReference; fileEncoding = 4; lastKnownFileType = sourcecode.c.h; path = DiscoverViewController.h; sourceTree = "<group>"; };
		7A9683491C3A4E3E00C191D8 /* DiscoverViewController.m */ = {isa = PBXFileReference; fileEncoding = 4; lastKnownFileType = sourcecode.c.objc; path = DiscoverViewController.m; sourceTree = "<group>"; };
		7A96834E1C3A4E3E00C191D8 /* MainViewController.h */ = {isa = PBXFileReference; fileEncoding = 4; lastKnownFileType = sourcecode.c.h; path = MainViewController.h; sourceTree = "<group>"; };
		7A96834F1C3A4E3E00C191D8 /* MainViewController.m */ = {isa = PBXFileReference; fileEncoding = 4; lastKnownFileType = sourcecode.c.objc; path = MainViewController.m; sourceTree = "<group>"; };
		7A9683541C3A4E3E00C191D8 /* MineViewController.h */ = {isa = PBXFileReference; fileEncoding = 4; lastKnownFileType = sourcecode.c.h; path = MineViewController.h; sourceTree = "<group>"; };
		7A9683551C3A4E3E00C191D8 /* MineViewController.m */ = {isa = PBXFileReference; fileEncoding = 4; lastKnownFileType = sourcecode.c.objc; path = MineViewController.m; sourceTree = "<group>"; };
		7A96835C1C3A507200C191D8 /* Main.storyboard */ = {isa = PBXFileReference; fileEncoding = 4; lastKnownFileType = file.storyboard; path = Main.storyboard; sourceTree = "<group>"; };
		7A96835E1C3A508F00C191D8 /* Discover.storyboard */ = {isa = PBXFileReference; fileEncoding = 4; lastKnownFileType = file.storyboard; path = Discover.storyboard; sourceTree = "<group>"; };
		7A9683601C3A50C400C191D8 /* Mine.storyboard */ = {isa = PBXFileReference; fileEncoding = 4; lastKnownFileType = file.storyboard; path = Mine.storyboard; sourceTree = "<group>"; };
		7A9683DB1C3A766D00C191D8 /* MainTableViewCell.h */ = {isa = PBXFileReference; fileEncoding = 4; lastKnownFileType = sourcecode.c.h; path = MainTableViewCell.h; sourceTree = "<group>"; };
		7A9683DC1C3A766D00C191D8 /* MainTableViewCell.m */ = {isa = PBXFileReference; fileEncoding = 4; lastKnownFileType = sourcecode.c.objc; path = MainTableViewCell.m; sourceTree = "<group>"; };
		7A9683DD1C3A766D00C191D8 /* MainTableViewCell.xib */ = {isa = PBXFileReference; fileEncoding = 4; lastKnownFileType = file.xib; path = MainTableViewCell.xib; sourceTree = "<group>"; };
		B08E8A6BF279B69CCBA144E1 /* Pods.debug.xcconfig */ = {isa = PBXFileReference; includeInIndex = 1; lastKnownFileType = text.xcconfig; name = Pods.debug.xcconfig; path = "Pods/Target Support Files/Pods/Pods.debug.xcconfig"; sourceTree = "<group>"; };
/* End PBXFileReference section */

/* Begin PBXFrameworksBuildPhase section */
		7A076FB71C3A1C5500D10A90 /* Frameworks */ = {
			isa = PBXFrameworksBuildPhase;
			buildActionMask = 2147483647;
			files = (
				F07347EDF382422A7EE6D050 /* libPods.a in Frameworks */,
			);
			runOnlyForDeploymentPostprocessing = 0;
		};
/* End PBXFrameworksBuildPhase section */

/* Begin PBXGroup section */
		53D79CD52A7874C2178096EB /* Frameworks */ = {
			isa = PBXGroup;
			children = (
				64D73AE67FE81CCA38FE3929 /* libPods.a */,
			);
			name = Frameworks;
			sourceTree = "<group>";
		};
		6BDCE04734F8F5239E386AB8 /* Pods */ = {
			isa = PBXGroup;
			children = (
				B08E8A6BF279B69CCBA144E1 /* Pods.debug.xcconfig */,
				169889AB9704D95A58A4BE07 /* Pods.release.xcconfig */,
			);
			name = Pods;
			sourceTree = "<group>";
		};
		7A076FB11C3A1C5500D10A90 = {
			isa = PBXGroup;
			children = (
				7A076FBC1C3A1C5500D10A90 /* ContactWeekend */,
				7A076FBB1C3A1C5500D10A90 /* Products */,
				6BDCE04734F8F5239E386AB8 /* Pods */,
				53D79CD52A7874C2178096EB /* Frameworks */,
			);
			sourceTree = "<group>";
		};
		7A076FBB1C3A1C5500D10A90 /* Products */ = {
			isa = PBXGroup;
			children = (
				7A076FBA1C3A1C5500D10A90 /* ContactWeekend.app */,
			);
			name = Products;
			sourceTree = "<group>";
		};
		7A076FBC1C3A1C5500D10A90 /* ContactWeekend */ = {
			isa = PBXGroup;
			children = (
				7A9683451C3A4E3E00C191D8 /* Classes */,
				7A9683441C3A4E3700C191D8 /* Library */,
				7A96835B1C3A4FC300C191D8 /* Resource */,
				7A076FC01C3A1C5500D10A90 /* AppDelegate.h */,
				7A076FC11C3A1C5500D10A90 /* AppDelegate.m */,
				7A076FC31C3A1C5500D10A90 /* Assets.xcassets */,
				7A076FC51C3A1C5500D10A90 /* LaunchScreen.storyboard */,
				7A076FC81C3A1C5500D10A90 /* Info.plist */,
				7A076FBD1C3A1C5500D10A90 /* Supporting Files */,
			);
			path = ContactWeekend;
			sourceTree = "<group>";
		};
		7A076FBD1C3A1C5500D10A90 /* Supporting Files */ = {
			isa = PBXGroup;
			children = (
				7A076FBE1C3A1C5500D10A90 /* main.m */,
			);
			name = "Supporting Files";
			sourceTree = "<group>";
		};
		7A9683441C3A4E3700C191D8 /* Library */ = {
			isa = PBXGroup;
			children = (
			);
			path = Library;
			sourceTree = "<group>";
		};
		7A9683451C3A4E3E00C191D8 /* Classes */ = {
			isa = PBXGroup;
			children = (
				7A96834C1C3A4E3E00C191D8 /* Main */,
				7A9683461C3A4E3E00C191D8 /* Discover */,
				7A9683521C3A4E3E00C191D8 /* Mine */,
			);
			path = Classes;
			sourceTree = "<group>";
		};
		7A9683461C3A4E3E00C191D8 /* Discover */ = {
			isa = PBXGroup;
			children = (
				7A9683471C3A4E3E00C191D8 /* Controller */,
				7A96834A1C3A4E3E00C191D8 /* Models */,
				7A96834B1C3A4E3E00C191D8 /* View */,
			);
			path = Discover;
			sourceTree = "<group>";
		};
		7A9683471C3A4E3E00C191D8 /* Controller */ = {
			isa = PBXGroup;
			children = (
				7A9683481C3A4E3E00C191D8 /* DiscoverViewController.h */,
				7A9683491C3A4E3E00C191D8 /* DiscoverViewController.m */,
			);
			path = Controller;
			sourceTree = "<group>";
		};
		7A96834A1C3A4E3E00C191D8 /* Models */ = {
			isa = PBXGroup;
			children = (
			);
			path = Models;
			sourceTree = "<group>";
		};
		7A96834B1C3A4E3E00C191D8 /* View */ = {
			isa = PBXGroup;
			children = (
				7A96835E1C3A508F00C191D8 /* Discover.storyboard */,
			);
			path = View;
			sourceTree = "<group>";
		};
		7A96834C1C3A4E3E00C191D8 /* Main */ = {
			isa = PBXGroup;
			children = (
				7A96834D1C3A4E3E00C191D8 /* Controller */,
				7A9683501C3A4E3E00C191D8 /* Models */,
				7A9683511C3A4E3E00C191D8 /* View */,
			);
			path = Main;
			sourceTree = "<group>";
		};
		7A96834D1C3A4E3E00C191D8 /* Controller */ = {
			isa = PBXGroup;
			children = (
				7A96834E1C3A4E3E00C191D8 /* MainViewController.h */,
				7A96834F1C3A4E3E00C191D8 /* MainViewController.m */,
			);
			path = Controller;
			sourceTree = "<group>";
		};
		7A9683501C3A4E3E00C191D8 /* Models */ = {
			isa = PBXGroup;
			children = (
				7A8C12C31C3B9DBE0038ED93 /* File */,
				7A8C12C51C3BA08A0038ED93 /* MainModel.h */,
				7A8C12C61C3BA08A0038ED93 /* MainModel.m */,
			);
			path = Models;
			sourceTree = "<group>";
		};
		7A9683511C3A4E3E00C191D8 /* View */ = {
			isa = PBXGroup;
			children = (
				7A96835C1C3A507200C191D8 /* Main.storyboard */,
				7A9683DB1C3A766D00C191D8 /* MainTableViewCell.h */,
				7A9683DC1C3A766D00C191D8 /* MainTableViewCell.m */,
				7A9683DD1C3A766D00C191D8 /* MainTableViewCell.xib */,
			);
			path = View;
			sourceTree = "<group>";
		};
		7A9683521C3A4E3E00C191D8 /* Mine */ = {
			isa = PBXGroup;
			children = (
				7A9683531C3A4E3E00C191D8 /* Controller */,
				7A9683561C3A4E3E00C191D8 /* Models */,
				7A9683571C3A4E3E00C191D8 /* View */,
			);
			path = Mine;
			sourceTree = "<group>";
		};
		7A9683531C3A4E3E00C191D8 /* Controller */ = {
			isa = PBXGroup;
			children = (
				7A9683541C3A4E3E00C191D8 /* MineViewController.h */,
				7A9683551C3A4E3E00C191D8 /* MineViewController.m */,
			);
			path = Controller;
			sourceTree = "<group>";
		};
		7A9683561C3A4E3E00C191D8 /* Models */ = {
			isa = PBXGroup;
			children = (
			);
			path = Models;
			sourceTree = "<group>";
		};
		7A9683571C3A4E3E00C191D8 /* View */ = {
			isa = PBXGroup;
			children = (
				7A9683601C3A50C400C191D8 /* Mine.storyboard */,
			);
			path = View;
			sourceTree = "<group>";
		};
		7A96835B1C3A4FC300C191D8 /* Resource */ = {
			isa = PBXGroup;
			children = (
			);
			path = Resource;
			sourceTree = "<group>";
		};
/* End PBXGroup section */

/* Begin PBXNativeTarget section */
		7A076FB91C3A1C5500D10A90 /* ContactWeekend */ = {
			isa = PBXNativeTarget;
			buildConfigurationList = 7A076FCB1C3A1C5500D10A90 /* Build configuration list for PBXNativeTarget "ContactWeekend" */;
			buildPhases = (
				C503EF95F112D561637F7967 /* Check Pods Manifest.lock */,
				7A076FB61C3A1C5500D10A90 /* Sources */,
				7A076FB71C3A1C5500D10A90 /* Frameworks */,
				7A076FB81C3A1C5500D10A90 /* Resources */,
				5A13253A5037091624E99826 /* Embed Pods Frameworks */,
				8936626C35FA8FF2ED1A1CAF /* Copy Pods Resources */,
			);
			buildRules = (
			);
			dependencies = (
			);
			name = ContactWeekend;
			productName = ContactWeekend;
			productReference = 7A076FBA1C3A1C5500D10A90 /* ContactWeekend.app */;
			productType = "com.apple.product-type.application";
		};
/* End PBXNativeTarget section */

/* Begin PBXProject section */
		7A076FB21C3A1C5500D10A90 /* Project object */ = {
			isa = PBXProject;
			attributes = {
				LastUpgradeCheck = 0720;
				ORGANIZATIONNAME = "郭飞飞";
				TargetAttributes = {
					7A076FB91C3A1C5500D10A90 = {
						CreatedOnToolsVersion = 7.2;
						DevelopmentTeam = 8Z44W37ZT6;
					};
				};
			};
			buildConfigurationList = 7A076FB51C3A1C5500D10A90 /* Build configuration list for PBXProject "ContactWeekend" */;
			compatibilityVersion = "Xcode 3.2";
			developmentRegion = English;
			hasScannedForEncodings = 0;
			knownRegions = (
				en,
				Base,
			);
			mainGroup = 7A076FB11C3A1C5500D10A90;
			productRefGroup = 7A076FBB1C3A1C5500D10A90 /* Products */;
			projectDirPath = "";
			projectRoot = "";
			targets = (
				7A076FB91C3A1C5500D10A90 /* ContactWeekend */,
			);
		};
/* End PBXProject section */

/* Begin PBXResourcesBuildPhase section */
		7A076FB81C3A1C5500D10A90 /* Resources */ = {
			isa = PBXResourcesBuildPhase;
			buildActionMask = 2147483647;
			files = (
				7A9683DF1C3A766D00C191D8 /* MainTableViewCell.xib in Resources */,
				7A96835D1C3A507200C191D8 /* Main.storyboard in Resources */,
				7A8C12C41C3B9DBE0038ED93 /* File in Resources */,
				7A96835F1C3A508F00C191D8 /* Discover.storyboard in Resources */,
				7A9683611C3A50C400C191D8 /* Mine.storyboard in Resources */,
				7A076FC41C3A1C5500D10A90 /* Assets.xcassets in Resources */,
				7A076FC71C3A1C5500D10A90 /* LaunchScreen.storyboard in Resources */,
			);
			runOnlyForDeploymentPostprocessing = 0;
		};
/* End PBXResourcesBuildPhase section */

/* Begin PBXShellScriptBuildPhase section */
		5A13253A5037091624E99826 /* Embed Pods Frameworks */ = {
			isa = PBXShellScriptBuildPhase;
			buildActionMask = 2147483647;
			files = (
			);
			inputPaths = (
			);
			name = "Embed Pods Frameworks";
			outputPaths = (
			);
			runOnlyForDeploymentPostprocessing = 0;
			shellPath = /bin/sh;
			shellScript = "\"${SRCROOT}/Pods/Target Support Files/Pods/Pods-frameworks.sh\"\n";
			showEnvVarsInLog = 0;
		};
		8936626C35FA8FF2ED1A1CAF /* Copy Pods Resources */ = {
			isa = PBXShellScriptBuildPhase;
			buildActionMask = 2147483647;
			files = (
			);
			inputPaths = (
			);
			name = "Copy Pods Resources";
			outputPaths = (
			);
			runOnlyForDeploymentPostprocessing = 0;
			shellPath = /bin/sh;
			shellScript = "\"${SRCROOT}/Pods/Target Support Files/Pods/Pods-resources.sh\"\n";
			showEnvVarsInLog = 0;
		};
		C503EF95F112D561637F7967 /* Check Pods Manifest.lock */ = {
			isa = PBXShellScriptBuildPhase;
			buildActionMask = 2147483647;
			files = (
			);
			inputPaths = (
			);
			name = "Check Pods Manifest.lock";
			outputPaths = (
			);
			runOnlyForDeploymentPostprocessing = 0;
			shellPath = /bin/sh;
			shellScript = "diff \"${PODS_ROOT}/../Podfile.lock\" \"${PODS_ROOT}/Manifest.lock\" > /dev/null\nif [[ $? != 0 ]] ; then\n    cat << EOM\nerror: The sandbox is not in sync with the Podfile.lock. Run 'pod install' or update your CocoaPods installation.\nEOM\n    exit 1\nfi\n";
			showEnvVarsInLog = 0;
		};
/* End PBXShellScriptBuildPhase section */

/* Begin PBXSourcesBuildPhase section */
		7A076FB61C3A1C5500D10A90 /* Sources */ = {
			isa = PBXSourcesBuildPhase;
			buildActionMask = 2147483647;
			files = (
				7A9683DE1C3A766D00C191D8 /* MainTableViewCell.m in Sources */,
				7A076FC21C3A1C5500D10A90 /* AppDelegate.m in Sources */,
				7A9683581C3A4E3E00C191D8 /* DiscoverViewController.m in Sources */,
				7A96835A1C3A4E3E00C191D8 /* MineViewController.m in Sources */,
				7A076FBF1C3A1C5500D10A90 /* main.m in Sources */,
				7A9683591C3A4E3E00C191D8 /* MainViewController.m in Sources */,
				7A8C12C71C3BA08A0038ED93 /* MainModel.m in Sources */,
			);
			runOnlyForDeploymentPostprocessing = 0;
		};
/* End PBXSourcesBuildPhase section */

/* Begin PBXVariantGroup section */
		7A076FC51C3A1C5500D10A90 /* LaunchScreen.storyboard */ = {
			isa = PBXVariantGroup;
			children = (
				7A076FC61C3A1C5500D10A90 /* Base */,
			);
			name = LaunchScreen.storyboard;
			sourceTree = "<group>";
		};
/* End PBXVariantGroup section */

/* Begin XCBuildConfiguration section */
		7A076FC91C3A1C5500D10A90 /* Debug */ = {
			isa = XCBuildConfiguration;
			buildSettings = {
				ALWAYS_SEARCH_USER_PATHS = NO;
				CLANG_CXX_LANGUAGE_STANDARD = "gnu++0x";
				CLANG_CXX_LIBRARY = "libc++";
				CLANG_ENABLE_MODULES = YES;
				CLANG_ENABLE_OBJC_ARC = YES;
				CLANG_WARN_BOOL_CONVERSION = YES;
				CLANG_WARN_CONSTANT_CONVERSION = YES;
				CLANG_WARN_DIRECT_OBJC_ISA_USAGE = YES_ERROR;
				CLANG_WARN_EMPTY_BODY = YES;
				CLANG_WARN_ENUM_CONVERSION = YES;
				CLANG_WARN_INT_CONVERSION = YES;
				CLANG_WARN_OBJC_ROOT_CLASS = YES_ERROR;
				CLANG_WARN_UNREACHABLE_CODE = YES;
				CLANG_WARN__DUPLICATE_METHOD_MATCH = YES;
				"CODE_SIGN_IDENTITY[sdk=iphoneos*]" = "iPhone Developer";
				COPY_PHASE_STRIP = NO;
				DEBUG_INFORMATION_FORMAT = dwarf;
				ENABLE_STRICT_OBJC_MSGSEND = YES;
				ENABLE_TESTABILITY = YES;
				GCC_C_LANGUAGE_STANDARD = gnu99;
				GCC_DYNAMIC_NO_PIC = NO;
				GCC_NO_COMMON_BLOCKS = YES;
				GCC_OPTIMIZATION_LEVEL = 0;
				GCC_PREPROCESSOR_DEFINITIONS = (
					"DEBUG=1",
					"$(inherited)",
				);
				GCC_WARN_64_TO_32_BIT_CONVERSION = YES;
				GCC_WARN_ABOUT_RETURN_TYPE = YES_ERROR;
				GCC_WARN_UNDECLARED_SELECTOR = YES;
				GCC_WARN_UNINITIALIZED_AUTOS = YES_AGGRESSIVE;
				GCC_WARN_UNUSED_FUNCTION = YES;
				GCC_WARN_UNUSED_VARIABLE = YES;
				IPHONEOS_DEPLOYMENT_TARGET = 9.2;
				MTL_ENABLE_DEBUG_INFO = YES;
				ONLY_ACTIVE_ARCH = YES;
				SDKROOT = iphoneos;
			};
			name = Debug;
		};
		7A076FCA1C3A1C5500D10A90 /* Release */ = {
			isa = XCBuildConfiguration;
			buildSettings = {
				ALWAYS_SEARCH_USER_PATHS = NO;
				CLANG_CXX_LANGUAGE_STANDARD = "gnu++0x";
				CLANG_CXX_LIBRARY = "libc++";
				CLANG_ENABLE_MODULES = YES;
				CLANG_ENABLE_OBJC_ARC = YES;
				CLANG_WARN_BOOL_CONVERSION = YES;
				CLANG_WARN_CONSTANT_CONVERSION = YES;
				CLANG_WARN_DIRECT_OBJC_ISA_USAGE = YES_ERROR;
				CLANG_WARN_EMPTY_BODY = YES;
				CLANG_WARN_ENUM_CONVERSION = YES;
				CLANG_WARN_INT_CONVERSION = YES;
				CLANG_WARN_OBJC_ROOT_CLASS = YES_ERROR;
				CLANG_WARN_UNREACHABLE_CODE = YES;
				CLANG_WARN__DUPLICATE_METHOD_MATCH = YES;
				"CODE_SIGN_IDENTITY[sdk=iphoneos*]" = "iPhone Developer";
				COPY_PHASE_STRIP = NO;
				DEBUG_INFORMATION_FORMAT = "dwarf-with-dsym";
				ENABLE_NS_ASSERTIONS = NO;
				ENABLE_STRICT_OBJC_MSGSEND = YES;
				GCC_C_LANGUAGE_STANDARD = gnu99;
				GCC_NO_COMMON_BLOCKS = YES;
				GCC_WARN_64_TO_32_BIT_CONVERSION = YES;
				GCC_WARN_ABOUT_RETURN_TYPE = YES_ERROR;
				GCC_WARN_UNDECLARED_SELECTOR = YES;
				GCC_WARN_UNINITIALIZED_AUTOS = YES_AGGRESSIVE;
				GCC_WARN_UNUSED_FUNCTION = YES;
				GCC_WARN_UNUSED_VARIABLE = YES;
				IPHONEOS_DEPLOYMENT_TARGET = 9.2;
				MTL_ENABLE_DEBUG_INFO = NO;
				SDKROOT = iphoneos;
				VALIDATE_PRODUCT = YES;
			};
			name = Release;
		};
		7A076FCC1C3A1C5500D10A90 /* Debug */ = {
			isa = XCBuildConfiguration;
			baseConfigurationReference = B08E8A6BF279B69CCBA144E1 /* Pods.debug.xcconfig */;
			buildSettings = {
				ASSETCATALOG_COMPILER_APPICON_NAME = AppIcon;
				INFOPLIST_FILE = ContactWeekend/Info.plist;
				IPHONEOS_DEPLOYMENT_TARGET = 7.0;
				LD_RUNPATH_SEARCH_PATHS = "$(inherited) @executable_path/Frameworks";
				PRODUCT_BUNDLE_IDENTIFIER = GuoFeiFei.ContactWeekend;
				PRODUCT_NAME = "$(TARGET_NAME)";
			};
			name = Debug;
		};
		7A076FCD1C3A1C5500D10A90 /* Release */ = {
			isa = XCBuildConfiguration;
			baseConfigurationReference = 169889AB9704D95A58A4BE07 /* Pods.release.xcconfig */;
			buildSettings = {
				ASSETCATALOG_COMPILER_APPICON_NAME = AppIcon;
				INFOPLIST_FILE = ContactWeekend/Info.plist;
				IPHONEOS_DEPLOYMENT_TARGET = 7.0;
				LD_RUNPATH_SEARCH_PATHS = "$(inherited) @executable_path/Frameworks";
				PRODUCT_BUNDLE_IDENTIFIER = GuoFeiFei.ContactWeekend;
				PRODUCT_NAME = "$(TARGET_NAME)";
			};
			name = Release;
		};
/* End XCBuildConfiguration section */

/* Begin XCConfigurationList section */
		7A076FB51C3A1C5500D10A90 /* Build configuration list for PBXProject "ContactWeekend" */ = {
			isa = XCConfigurationList;
			buildConfigurations = (
				7A076FC91C3A1C5500D10A90 /* Debug */,
				7A076FCA1C3A1C5500D10A90 /* Release */,
			);
			defaultConfigurationIsVisible = 0;
			defaultConfigurationName = Release;
		};
		7A076FCB1C3A1C5500D10A90 /* Build configuration list for PBXNativeTarget "ContactWeekend" */ = {
			isa = XCConfigurationList;
			buildConfigurations = (
				7A076FCC1C3A1C5500D10A90 /* Debug */,
				7A076FCD1C3A1C5500D10A90 /* Release */,
			);
			defaultConfigurationIsVisible = 0;
			defaultConfigurationName = Release;
		};
/* End XCConfigurationList section */
	};
	rootObject = 7A076FB21C3A1C5500D10A90 /* Project object */;
}
